
Microsoft Visual Studio Solution File, Format Version 12.00
# Visual Studio Version 16
VisualStudioVersion = 16.0.30804.86
MinimumVisualStudioVersion = 10.0.40219.1
Project("{888888A0-9F3D-457C-B088-3A5042F75D52}") = "Number Analysis Program", "Number Analysis Program.pyproj", "{ACA8BA9D-1E6F-43CE-A794-0BB6B254884E}"
EndProject
Global
	GlobalSection(SolutionConfigurationPlatforms) = preSolution
		Debug|Any CPU = Debug|Any CPU
		Release|Any CPU = Release|Any CPU
	EndGlobalSection
	GlobalSection(ProjectConfigurationPlatforms) = postSolution
		{ACA8BA9D-1E6F-43CE-A794-0BB6B254884E}.Debug|Any CPU.ActiveCfg = Debug|Any CPU
		{ACA8BA9D-1E6F-43CE-A794-0BB6B254884E}.Release|Any CPU.ActiveCfg = Release|Any CPU
	EndGlobalSection
	GlobalSection(SolutionProperties) = preSolution
		HideSolutionNode = FALSE
	EndGlobalSection
	GlobalSection(ExtensibilityGlobals) = postSolution
		SolutionGuid = {95819292-502E-4286-93EE-51D6E3837607}
	EndGlobalSection
EndGlobal
